// !$*UTF8*$!
{
	archiveVersion = 1;
	classes = {
	};
	objectVersion = 50;
	objects = {

/* Begin PBXBuildFile section */
		B32A319D222ECE51007B3CEC /* main.cpp in Sources */ = {isa = PBXBuildFile; fileRef = B32A319C222ECE51007B3CEC /* main.cpp */; };
		B32A31A8222ECE9E007B3CEC /* main.cpp in Sources */ = {isa = PBXBuildFile; fileRef = B32A31A7222ECE9E007B3CEC /* main.cpp */; };
		B32A31B3222ECEE8007B3CEC /* main.cpp in Sources */ = {isa = PBXBuildFile; fileRef = B32A31B2222ECEE8007B3CEC /* main.cpp */; };
		B32A31BE222ECF15007B3CEC /* main.cpp in Sources */ = {isa = PBXBuildFile; fileRef = B32A31BD222ECF15007B3CEC /* main.cpp */; };
		B32A31C9222ECF3C007B3CEC /* main.cpp in Sources */ = {isa = PBXBuildFile; fileRef = B32A31C8222ECF3C007B3CEC /* main.cpp */; };
		B32A31D4222ECF53007B3CEC /* main.cpp in Sources */ = {isa = PBXBuildFile; fileRef = B32A31D3222ECF53007B3CEC /* main.cpp */; };
		B32A31DF222ECF67007B3CEC /* main.cpp in Sources */ = {isa = PBXBuildFile; fileRef = B32A31DE222ECF67007B3CEC /* main.cpp */; };
		B32A31EA222ECF8C007B3CEC /* main.cpp in Sources */ = {isa = PBXBuildFile; fileRef = B32A31E9222ECF8C007B3CEC /* main.cpp */; };
		B32A31F5222ECFA4007B3CEC /* main.cpp in Sources */ = {isa = PBXBuildFile; fileRef = B32A31F4222ECFA4007B3CEC /* main.cpp */; };
/* End PBXBuildFile section */

/* Begin PBXCopyFilesBuildPhase section */
		B32A318A222ECE0A007B3CEC /* CopyFiles */ = {
			isa = PBXCopyFilesBuildPhase;
			buildActionMask = 2147483647;
			dstPath = /usr/share/man/man1/;
			dstSubfolderSpec = 0;
			files = (
			);
			runOnlyForDeploymentPostprocessing = 1;
		};
		B32A3198222ECE51007B3CEC /* CopyFiles */ = {
			isa = PBXCopyFilesBuildPhase;
			buildActionMask = 2147483647;
			dstPath = /usr/share/man/man1/;
			dstSubfolderSpec = 0;
			files = (
			);
			runOnlyForDeploymentPostprocessing = 1;
		};
		B32A31A3222ECE9E007B3CEC /* CopyFiles */ = {
			isa = PBXCopyFilesBuildPhase;
			buildActionMask = 2147483647;
			dstPath = /usr/share/man/man1/;
			dstSubfolderSpec = 0;
			files = (
			);
			runOnlyForDeploymentPostprocessing = 1;
		};
		B32A31AE222ECEE8007B3CEC /* CopyFiles */ = {
			isa = PBXCopyFilesBuildPhase;
			buildActionMask = 2147483647;
			dstPath = /usr/share/man/man1/;
			dstSubfolderSpec = 0;
			files = (
			);
			runOnlyForDeploymentPostprocessing = 1;
		};
		B32A31B9222ECF15007B3CEC /* CopyFiles */ = {
			isa = PBXCopyFilesBuildPhase;
			buildActionMask = 2147483647;
			dstPath = /usr/share/man/man1/;
			dstSubfolderSpec = 0;
			files = (
			);
			runOnlyForDeploymentPostprocessing = 1;
		};
		B32A31C4222ECF3C007B3CEC /* CopyFiles */ = {
			isa = PBXCopyFilesBuildPhase;
			buildActionMask = 2147483647;
			dstPath = /usr/share/man/man1/;
			dstSubfolderSpec = 0;
			files = (
			);
			runOnlyForDeploymentPostprocessing = 1;
		};
		B32A31CF222ECF53007B3CEC /* CopyFiles */ = {
			isa = PBXCopyFilesBuildPhase;
			buildActionMask = 2147483647;
			dstPath = /usr/share/man/man1/;
			dstSubfolderSpec = 0;
			files = (
			);
			runOnlyForDeploymentPostprocessing = 1;
		};
		B32A31DA222ECF67007B3CEC /* CopyFiles */ = {
			isa = PBXCopyFilesBuildPhase;
			buildActionMask = 2147483647;
			dstPath = /usr/share/man/man1/;
			dstSubfolderSpec = 0;
			files = (
			);
			runOnlyForDeploymentPostprocessing = 1;
		};
		B32A31E5222ECF8C007B3CEC /* CopyFiles */ = {
			isa = PBXCopyFilesBuildPhase;
			buildActionMask = 2147483647;
			dstPath = /usr/share/man/man1/;
			dstSubfolderSpec = 0;
			files = (
			);
			runOnlyForDeploymentPostprocessing = 1;
		};
		B32A31F0222ECFA4007B3CEC /* CopyFiles */ = {
			isa = PBXCopyFilesBuildPhase;
			buildActionMask = 2147483647;
			dstPath = /usr/share/man/man1/;
			dstSubfolderSpec = 0;
			files = (
			);
			runOnlyForDeploymentPostprocessing = 1;
		};
/* End PBXCopyFilesBuildPhase section */

/* Begin PBXFileReference section */
		B3279B5E22369C06003200C2 /* Sort.cpp */ = {isa = PBXFileReference; lastKnownFileType = sourcecode.cpp.cpp; path = Sort.cpp; sourceTree = "<group>"; };
		B3279B5F22369C06003200C2 /* Sort.hpp */ = {isa = PBXFileReference; lastKnownFileType = sourcecode.cpp.h; path = Sort.hpp; sourceTree = "<group>"; };
		B32A318C222ECE0A007B3CEC /* data_structure */ = {isa = PBXFileReference; explicitFileType = "compiled.mach-o.executable"; includeInIndex = 0; path = data_structure; sourceTree = BUILT_PRODUCTS_DIR; };
		B32A319A222ECE51007B3CEC /* queue */ = {isa = PBXFileReference; explicitFileType = "compiled.mach-o.executable"; includeInIndex = 0; path = queue; sourceTree = BUILT_PRODUCTS_DIR; };
		B32A319C222ECE51007B3CEC /* main.cpp */ = {isa = PBXFileReference; lastKnownFileType = sourcecode.cpp.cpp; path = main.cpp; sourceTree = "<group>"; };
		B32A31A5222ECE9E007B3CEC /* stack */ = {isa = PBXFileReference; explicitFileType = "compiled.mach-o.executable"; includeInIndex = 0; path = stack; sourceTree = BUILT_PRODUCTS_DIR; };
		B32A31A7222ECE9E007B3CEC /* main.cpp */ = {isa = PBXFileReference; lastKnownFileType = sourcecode.cpp.cpp; path = main.cpp; sourceTree = "<group>"; };
		B32A31B0222ECEE8007B3CEC /* linearlist */ = {isa = PBXFileReference; explicitFileType = "compiled.mach-o.executable"; includeInIndex = 0; path = linearlist; sourceTree = BUILT_PRODUCTS_DIR; };
		B32A31B2222ECEE8007B3CEC /* main.cpp */ = {isa = PBXFileReference; lastKnownFileType = sourcecode.cpp.cpp; path = main.cpp; sourceTree = "<group>"; };
		B32A31BB222ECF15007B3CEC /* generallist */ = {isa = PBXFileReference; explicitFileType = "compiled.mach-o.executable"; includeInIndex = 0; path = generallist; sourceTree = BUILT_PRODUCTS_DIR; };
		B32A31BD222ECF15007B3CEC /* main.cpp */ = {isa = PBXFileReference; lastKnownFileType = sourcecode.cpp.cpp; path = main.cpp; sourceTree = "<group>"; };
		B32A31C6222ECF3C007B3CEC /* tree */ = {isa = PBXFileReference; explicitFileType = "compiled.mach-o.executable"; includeInIndex = 0; path = tree; sourceTree = BUILT_PRODUCTS_DIR; };
		B32A31C8222ECF3C007B3CEC /* main.cpp */ = {isa = PBXFileReference; lastKnownFileType = sourcecode.cpp.cpp; path = main.cpp; sourceTree = "<group>"; };
		B32A31D1222ECF53007B3CEC /* binarytree */ = {isa = PBXFileReference; explicitFileType = "compiled.mach-o.executable"; includeInIndex = 0; path = binarytree; sourceTree = BUILT_PRODUCTS_DIR; };
		B32A31D3222ECF53007B3CEC /* main.cpp */ = {isa = PBXFileReference; lastKnownFileType = sourcecode.cpp.cpp; path = main.cpp; sourceTree = "<group>"; };
		B32A31DC222ECF67007B3CEC /* graph */ = {isa = PBXFileReference; explicitFileType = "compiled.mach-o.executable"; includeInIndex = 0; path = graph; sourceTree = BUILT_PRODUCTS_DIR; };
		B32A31DE222ECF67007B3CEC /* main.cpp */ = {isa = PBXFileReference; lastKnownFileType = sourcecode.cpp.cpp; path = main.cpp; sourceTree = "<group>"; };
		B32A31E7222ECF8C007B3CEC /* seek */ = {isa = PBXFileReference; includeInIndex = 0; lastKnownFileType = "compiled.mach-o.executable"; path = seek; sourceTree = BUILT_PRODUCTS_DIR; };
		B32A31E9222ECF8C007B3CEC /* main.cpp */ = {isa = PBXFileReference; lastKnownFileType = sourcecode.cpp.cpp; path = main.cpp; sourceTree = "<group>"; };
		B32A31F2222ECFA4007B3CEC /* sort */ = {isa = PBXFileReference; explicitFileType = "compiled.mach-o.executable"; includeInIndex = 0; path = sort; sourceTree = BUILT_PRODUCTS_DIR; };
		B32A31F4222ECFA4007B3CEC /* main.cpp */ = {isa = PBXFileReference; lastKnownFileType = sourcecode.cpp.cpp; path = main.cpp; sourceTree = "<group>"; };
		B32F100522350EDA0020AC05 /* IndexSearch.cpp */ = {isa = PBXFileReference; lastKnownFileType = sourcecode.cpp.cpp; path = IndexSearch.cpp; sourceTree = "<group>"; };
		B32F100622350EDA0020AC05 /* IndexSearch.hpp */ = {isa = PBXFileReference; lastKnownFileType = sourcecode.cpp.h; path = IndexSearch.hpp; sourceTree = "<group>"; };
		B32F1007223517000020AC05 /* OderSearch.cpp */ = {isa = PBXFileReference; lastKnownFileType = sourcecode.cpp.cpp; path = OderSearch.cpp; sourceTree = "<group>"; };
		B32F1008223517000020AC05 /* OderSearch.hpp */ = {isa = PBXFileReference; lastKnownFileType = sourcecode.cpp.h; path = OderSearch.hpp; sourceTree = "<group>"; };
		B32F10092235199C0020AC05 /* BinarySearch.cpp */ = {isa = PBXFileReference; lastKnownFileType = sourcecode.cpp.cpp; path = BinarySearch.cpp; sourceTree = "<group>"; };
		B32F100A2235199C0020AC05 /* BinarySearch.hpp */ = {isa = PBXFileReference; lastKnownFileType = sourcecode.cpp.h; path = BinarySearch.hpp; sourceTree = "<group>"; };
		B3CFDE362231532800760441 /* ShunxuZhan.cpp */ = {isa = PBXFileReference; lastKnownFileType = sourcecode.cpp.cpp; path = ShunxuZhan.cpp; sourceTree = "<group>"; };
		B3CFDE372231532800760441 /* ShunxuZhan.hpp */ = {isa = PBXFileReference; lastKnownFileType = sourcecode.cpp.h; path = ShunxuZhan.hpp; sourceTree = "<group>"; };
		B3CFDE39223154CD00760441 /* guangyibiao.cpp */ = {isa = PBXFileReference; lastKnownFileType = sourcecode.cpp.cpp; path = guangyibiao.cpp; sourceTree = "<group>"; };
		B3CFDE3A223154CD00760441 /* guangyibiao.hpp */ = {isa = PBXFileReference; lastKnownFileType = sourcecode.cpp.h; path = guangyibiao.hpp; sourceTree = "<group>"; };
		B3CFDE3B2231558C00760441 /* ErchashuShunxu.hpp */ = {isa = PBXFileReference; lastKnownFileType = sourcecode.cpp.h; path = ErchashuShunxu.hpp; sourceTree = "<group>"; };
		B3CFDE3C2231558C00760441 /* ErchashuShunxu.cpp */ = {isa = PBXFileReference; lastKnownFileType = sourcecode.cpp.cpp; path = ErchashuShunxu.cpp; sourceTree = "<group>"; };
		B3CFDE3D2231569100760441 /* QueueShunxu.cpp */ = {isa = PBXFileReference; lastKnownFileType = sourcecode.cpp.cpp; path = QueueShunxu.cpp; sourceTree = "<group>"; };
		B3CFDE3E2231569100760441 /* QueueShunxu.hpp */ = {isa = PBXFileReference; lastKnownFileType = sourcecode.cpp.h; path = QueueShunxu.hpp; sourceTree = "<group>"; };
		B3CFDE3F2231569100760441 /* QueueLianshi.hpp */ = {isa = PBXFileReference; lastKnownFileType = sourcecode.cpp.h; path = QueueLianshi.hpp; sourceTree = "<group>"; };
		B3CFDE402231569100760441 /* QueueLianshi.cpp */ = {isa = PBXFileReference; lastKnownFileType = sourcecode.cpp.cpp; path = QueueLianshi.cpp; sourceTree = "<group>"; };
/* End PBXFileReference section */

/* Begin PBXFrameworksBuildPhase section */
		B32A3189222ECE0A007B3CEC /* Frameworks */ = {
			isa = PBXFrameworksBuildPhase;
			buildActionMask = 2147483647;
			files = (
			);
			runOnlyForDeploymentPostprocessing = 0;
		};
		B32A3197222ECE51007B3CEC /* Frameworks */ = {
			isa = PBXFrameworksBuildPhase;
			buildActionMask = 2147483647;
			files = (
			);
			runOnlyForDeploymentPostprocessing = 0;
		};
		B32A31A2222ECE9E007B3CEC /* Frameworks */ = {
			isa = PBXFrameworksBuildPhase;
			buildActionMask = 2147483647;
			files = (
			);
			runOnlyForDeploymentPostprocessing = 0;
		};
		B32A31AD222ECEE8007B3CEC /* Frameworks */ = {
			isa = PBXFrameworksBuildPhase;
			buildActionMask = 2147483647;
			files = (
			);
			runOnlyForDeploymentPostprocessing = 0;
		};
		B32A31B8222ECF15007B3CEC /* Frameworks */ = {
			isa = PBXFrameworksBuildPhase;
			buildActionMask = 2147483647;
			files = (
			);
			runOnlyForDeploymentPostprocessing = 0;
		};
		B32A31C3222ECF3C007B3CEC /* Frameworks */ = {
			isa = PBXFrameworksBuildPhase;
			buildActionMask = 2147483647;
			files = (
			);
			runOnlyForDeploymentPostprocessing = 0;
		};
		B32A31CE222ECF53007B3CEC /* Frameworks */ = {
			isa = PBXFrameworksBuildPhase;
			buildActionMask = 2147483647;
			files = (
			);
			runOnlyForDeploymentPostprocessing = 0;
		};
		B32A31D9222ECF67007B3CEC /* Frameworks */ = {
			isa = PBXFrameworksBuildPhase;
			buildActionMask = 2147483647;
			files = (
			);
			runOnlyForDeploymentPostprocessing = 0;
		};
		B32A31E4222ECF8C007B3CEC /* Frameworks */ = {
			isa = PBXFrameworksBuildPhase;
			buildActionMask = 2147483647;
			files = (
			);
			runOnlyForDeploymentPostprocessing = 0;
		};
		B32A31EF222ECFA4007B3CEC /* Frameworks */ = {
			isa = PBXFrameworksBuildPhase;
			buildActionMask = 2147483647;
			files = (
			);
			runOnlyForDeploymentPostprocessing = 0;
		};
/* End PBXFrameworksBuildPhase section */

/* Begin PBXGroup section */
		B32A3183222ECE0A007B3CEC = {
			isa = PBXGroup;
			children = (
				B32A319B222ECE51007B3CEC /* queue */,
				B32A31A6222ECE9E007B3CEC /* stack */,
				B32A31B1222ECEE8007B3CEC /* linearlist */,
				B32A31BC222ECF15007B3CEC /* generallist */,
				B32A31C7222ECF3C007B3CEC /* tree */,
				B32A31D2222ECF53007B3CEC /* binarytree */,
				B32A31DD222ECF67007B3CEC /* graph */,
				B32A31E8222ECF8C007B3CEC /* search */,
				B32A31F3222ECFA4007B3CEC /* sort */,
				B32A318D222ECE0A007B3CEC /* Products */,
			);
			sourceTree = "<group>";
		};
		B32A318D222ECE0A007B3CEC /* Products */ = {
			isa = PBXGroup;
			children = (
				B32A318C222ECE0A007B3CEC /* data_structure */,
				B32A319A222ECE51007B3CEC /* queue */,
				B32A31A5222ECE9E007B3CEC /* stack */,
				B32A31B0222ECEE8007B3CEC /* linearlist */,
				B32A31BB222ECF15007B3CEC /* generallist */,
				B32A31C6222ECF3C007B3CEC /* tree */,
				B32A31D1222ECF53007B3CEC /* binarytree */,
				B32A31DC222ECF67007B3CEC /* graph */,
				B32A31E7222ECF8C007B3CEC /* seek */,
				B32A31F2222ECFA4007B3CEC /* sort */,
			);
			name = Products;
			sourceTree = "<group>";
		};
		B32A319B222ECE51007B3CEC /* queue */ = {
			isa = PBXGroup;
			children = (
				B3CFDE402231569100760441 /* QueueLianshi.cpp */,
				B3CFDE3F2231569100760441 /* QueueLianshi.hpp */,
				B3CFDE3D2231569100760441 /* QueueShunxu.cpp */,
				B3CFDE3E2231569100760441 /* QueueShunxu.hpp */,
				B32A319C222ECE51007B3CEC /* main.cpp */,
			);
			path = queue;
			sourceTree = "<group>";
		};
		B32A31A6222ECE9E007B3CEC /* stack */ = {
			isa = PBXGroup;
			children = (
				B3CFDE362231532800760441 /* ShunxuZhan.cpp */,
				B3CFDE372231532800760441 /* ShunxuZhan.hpp */,
				B32A31A7222ECE9E007B3CEC /* main.cpp */,
			);
			path = stack;
			sourceTree = "<group>";
		};
		B32A31B1222ECEE8007B3CEC /* linearlist */ = {
			isa = PBXGroup;
			children = (
				B32A31B2222ECEE8007B3CEC /* main.cpp */,
			);
			path = linearlist;
			sourceTree = "<group>";
		};
		B32A31BC222ECF15007B3CEC /* generallist */ = {
			isa = PBXGroup;
			children = (
				B3CFDE39223154CD00760441 /* guangyibiao.cpp */,
				B3CFDE3A223154CD00760441 /* guangyibiao.hpp */,
				B32A31BD222ECF15007B3CEC /* main.cpp */,
			);
			path = generallist;
			sourceTree = "<group>";
		};
		B32A31C7222ECF3C007B3CEC /* tree */ = {
			isa = PBXGroup;
			children = (
				B32A31C8222ECF3C007B3CEC /* main.cpp */,
			);
			path = tree;
			sourceTree = "<group>";
		};
		B32A31D2222ECF53007B3CEC /* binarytree */ = {
			isa = PBXGroup;
			children = (
				B3CFDE3C2231558C00760441 /* ErchashuShunxu.cpp */,
				B3CFDE3B2231558C00760441 /* ErchashuShunxu.hpp */,
				B32A31D3222ECF53007B3CEC /* main.cpp */,
			);
			path = binarytree;
			sourceTree = "<group>";
		};
		B32A31DD222ECF67007B3CEC /* graph */ = {
			isa = PBXGroup;
			children = (
				B32A31DE222ECF67007B3CEC /* main.cpp */,
			);
			path = graph;
			sourceTree = "<group>";
		};
		B32A31E8222ECF8C007B3CEC /* search */ = {
			isa = PBXGroup;
			children = (
				B32A31E9222ECF8C007B3CEC /* main.cpp */,
				B32F100522350EDA0020AC05 /* IndexSearch.cpp */,
				B32F100622350EDA0020AC05 /* IndexSearch.hpp */,
				B32F1007223517000020AC05 /* OderSearch.cpp */,
				B32F1008223517000020AC05 /* OderSearch.hpp */,
				B32F10092235199C0020AC05 /* BinarySearch.cpp */,
				B32F100A2235199C0020AC05 /* BinarySearch.hpp */,
			);
			path = search;
			sourceTree = "<group>";
		};
		B32A31F3222ECFA4007B3CEC /* sort */ = {
			isa = PBXGroup;
			children = (
				B32A31F4222ECFA4007B3CEC /* main.cpp */,
				B3279B5E22369C06003200C2 /* Sort.cpp */,
				B3279B5F22369C06003200C2 /* Sort.hpp */,
			);
			path = sort;
			sourceTree = "<group>";
		};
/* End PBXGroup section */

/* Begin PBXNativeTarget section */
		B32A318B222ECE0A007B3CEC /* data_structure */ = {
			isa = PBXNativeTarget;
			buildConfigurationList = B32A3193222ECE0A007B3CEC /* Build configuration list for PBXNativeTarget "data_structure" */;
			buildPhases = (
				B32A3188222ECE0A007B3CEC /* Sources */,
				B32A3189222ECE0A007B3CEC /* Frameworks */,
				B32A318A222ECE0A007B3CEC /* CopyFiles */,
			);
			buildRules = (
			);
			dependencies = (
			);
			name = data_structure;
			productName = data_structure;
			productReference = B32A318C222ECE0A007B3CEC /* data_structure */;
			productType = "com.apple.product-type.tool";
		};
		B32A3199222ECE51007B3CEC /* queue */ = {
			isa = PBXNativeTarget;
			buildConfigurationList = B32A319E222ECE51007B3CEC /* Build configuration list for PBXNativeTarget "queue" */;
			buildPhases = (
				B32A3196222ECE51007B3CEC /* Sources */,
				B32A3197222ECE51007B3CEC /* Frameworks */,
				B32A3198222ECE51007B3CEC /* CopyFiles */,
			);
			buildRules = (
			);
			dependencies = (
			);
			name = queue;
			productName = queue;
			productReference = B32A319A222ECE51007B3CEC /* queue */;
			productType = "com.apple.product-type.tool";
		};
		B32A31A4222ECE9E007B3CEC /* stack */ = {
			isa = PBXNativeTarget;
			buildConfigurationList = B32A31A9222ECE9E007B3CEC /* Build configuration list for PBXNativeTarget "stack" */;
			buildPhases = (
				B32A31A1222ECE9E007B3CEC /* Sources */,
				B32A31A2222ECE9E007B3CEC /* Frameworks */,
				B32A31A3222ECE9E007B3CEC /* CopyFiles */,
			);
			buildRules = (
			);
			dependencies = (
			);
			name = stack;
			productName = stack;
			productReference = B32A31A5222ECE9E007B3CEC /* stack */;
			productType = "com.apple.product-type.tool";
		};
		B32A31AF222ECEE8007B3CEC /* linearlist */ = {
			isa = PBXNativeTarget;
			buildConfigurationList = B32A31B4222ECEE8007B3CEC /* Build configuration list for PBXNativeTarget "linearlist" */;
			buildPhases = (
				B32A31AC222ECEE8007B3CEC /* Sources */,
				B32A31AD222ECEE8007B3CEC /* Frameworks */,
				B32A31AE222ECEE8007B3CEC /* CopyFiles */,
			);
			buildRules = (
			);
			dependencies = (
			);
			name = linearlist;
			productName = linearlist;
			productReference = B32A31B0222ECEE8007B3CEC /* linearlist */;
			productType = "com.apple.product-type.tool";
		};
		B32A31BA222ECF15007B3CEC /* generallist */ = {
			isa = PBXNativeTarget;
			buildConfigurationList = B32A31BF222ECF15007B3CEC /* Build configuration list for PBXNativeTarget "generallist" */;
			buildPhases = (
				B32A31B7222ECF15007B3CEC /* Sources */,
				B32A31B8222ECF15007B3CEC /* Frameworks */,
				B32A31B9222ECF15007B3CEC /* CopyFiles */,
			);
			buildRules = (
			);
			dependencies = (
			);
			name = generallist;
			productName = generallist;
			productReference = B32A31BB222ECF15007B3CEC /* generallist */;
			productType = "com.apple.product-type.tool";
		};
		B32A31C5222ECF3C007B3CEC /* tree */ = {
			isa = PBXNativeTarget;
			buildConfigurationList = B32A31CA222ECF3C007B3CEC /* Build configuration list for PBXNativeTarget "tree" */;
			buildPhases = (
				B32A31C2222ECF3C007B3CEC /* Sources */,
				B32A31C3222ECF3C007B3CEC /* Frameworks */,
				B32A31C4222ECF3C007B3CEC /* CopyFiles */,
			);
			buildRules = (
			);
			dependencies = (
			);
			name = tree;
			productName = tree;
			productReference = B32A31C6222ECF3C007B3CEC /* tree */;
			productType = "com.apple.product-type.tool";
		};
		B32A31D0222ECF53007B3CEC /* binarytree */ = {
			isa = PBXNativeTarget;
			buildConfigurationList = B32A31D5222ECF53007B3CEC /* Build configuration list for PBXNativeTarget "binarytree" */;
			buildPhases = (
				B32A31CD222ECF53007B3CEC /* Sources */,
				B32A31CE222ECF53007B3CEC /* Frameworks */,
				B32A31CF222ECF53007B3CEC /* CopyFiles */,
			);
			buildRules = (
			);
			dependencies = (
			);
			name = binarytree;
			productName = binarytree;
			productReference = B32A31D1222ECF53007B3CEC /* binarytree */;
			productType = "com.apple.product-type.tool";
		};
		B32A31DB222ECF67007B3CEC /* graph */ = {
			isa = PBXNativeTarget;
			buildConfigurationList = B32A31E0222ECF67007B3CEC /* Build configuration list for PBXNativeTarget "graph" */;
			buildPhases = (
				B32A31D8222ECF67007B3CEC /* Sources */,
				B32A31D9222ECF67007B3CEC /* Frameworks */,
				B32A31DA222ECF67007B3CEC /* CopyFiles */,
			);
			buildRules = (
			);
			dependencies = (
			);
			name = graph;
			productName = graph;
			productReference = B32A31DC222ECF67007B3CEC /* graph */;
			productType = "com.apple.product-type.tool";
		};
		B32A31E6222ECF8C007B3CEC /* seek */ = {
			isa = PBXNativeTarget;
			buildConfigurationList = B32A31EB222ECF8C007B3CEC /* Build configuration list for PBXNativeTarget "seek" */;
			buildPhases = (
				B32A31E3222ECF8C007B3CEC /* Sources */,
				B32A31E4222ECF8C007B3CEC /* Frameworks */,
				B32A31E5222ECF8C007B3CEC /* CopyFiles */,
			);
			buildRules = (
			);
			dependencies = (
			);
			name = seek;
			productName = seek;
			productReference = B32A31E7222ECF8C007B3CEC /* seek */;
			productType = "com.apple.product-type.tool";
		};
		B32A31F1222ECFA4007B3CEC /* sort */ = {
			isa = PBXNativeTarget;
			buildConfigurationList = B32A31F6222ECFA4007B3CEC /* Build configuration list for PBXNativeTarget "sort" */;
			buildPhases = (
				B32A31EE222ECFA4007B3CEC /* Sources */,
				B32A31EF222ECFA4007B3CEC /* Frameworks */,
				B32A31F0222ECFA4007B3CEC /* CopyFiles */,
			);
			buildRules = (
			);
			dependencies = (
			);
			name = sort;
			productName = sort;
			productReference = B32A31F2222ECFA4007B3CEC /* sort */;
			productType = "com.apple.product-type.tool";
		};
/* End PBXNativeTarget section */

/* Begin PBXProject section */
		B32A3184222ECE0A007B3CEC /* Project object */ = {
			isa = PBXProject;
			attributes = {
				LastUpgradeCheck = 1010;
				ORGANIZATIONNAME = "植亚汉";
				TargetAttributes = {
					B32A318B222ECE0A007B3CEC = {
						CreatedOnToolsVersion = 10.1;
					};
					B32A3199222ECE51007B3CEC = {
						CreatedOnToolsVersion = 10.1;
					};
					B32A31A4222ECE9E007B3CEC = {
						CreatedOnToolsVersion = 10.1;
					};
					B32A31AF222ECEE8007B3CEC = {
						CreatedOnToolsVersion = 10.1;
					};
					B32A31BA222ECF15007B3CEC = {
						CreatedOnToolsVersion = 10.1;
					};
					B32A31C5222ECF3C007B3CEC = {
						CreatedOnToolsVersion = 10.1;
					};
					B32A31D0222ECF53007B3CEC = {
						CreatedOnToolsVersion = 10.1;
					};
					B32A31DB222ECF67007B3CEC = {
						CreatedOnToolsVersion = 10.1;
					};
					B32A31E6222ECF8C007B3CEC = {
						CreatedOnToolsVersion = 10.1;
					};
					B32A31F1222ECFA4007B3CEC = {
						CreatedOnToolsVersion = 10.1;
					};
				};
			};
			buildConfigurationList = B32A3187222ECE0A007B3CEC /* Build configuration list for PBXProject "data_structure" */;
			compatibilityVersion = "Xcode 9.3";
			developmentRegion = en;
			hasScannedForEncodings = 0;
			knownRegions = (
				en,
			);
			mainGroup = B32A3183222ECE0A007B3CEC;
			productRefGroup = B32A318D222ECE0A007B3CEC /* Products */;
			projectDirPath = "";
			projectRoot = "";
			targets = (
				B32A318B222ECE0A007B3CEC /* data_structure */,
				B32A3199222ECE51007B3CEC /* queue */,
				B32A31A4222ECE9E007B3CEC /* stack */,
				B32A31AF222ECEE8007B3CEC /* linearlist */,
				B32A31BA222ECF15007B3CEC /* generallist */,
				B32A31C5222ECF3C007B3CEC /* tree */,
				B32A31D0222ECF53007B3CEC /* binarytree */,
				B32A31DB222ECF67007B3CEC /* graph */,
				B32A31E6222ECF8C007B3CEC /* seek */,
				B32A31F1222ECFA4007B3CEC /* sort */,
			);
		};
/* End PBXProject section */

/* Begin PBXSourcesBuildPhase section */
		B32A3188222ECE0A007B3CEC /* Sources */ = {
			isa = PBXSourcesBuildPhase;
			buildActionMask = 2147483647;
			files = (
			);
			runOnlyForDeploymentPostprocessing = 0;
		};
		B32A3196222ECE51007B3CEC /* Sources */ = {
			isa = PBXSourcesBuildPhase;
			buildActionMask = 2147483647;
			files = (
				B32A319D222ECE51007B3CEC /* main.cpp in Sources */,
			);
			runOnlyForDeploymentPostprocessing = 0;
		};
		B32A31A1222ECE9E007B3CEC /* Sources */ = {
			isa = PBXSourcesBuildPhase;
			buildActionMask = 2147483647;
			files = (
				B32A31A8222ECE9E007B3CEC /* main.cpp in Sources */,
			);
			runOnlyForDeploymentPostprocessing = 0;
		};
		B32A31AC222ECEE8007B3CEC /* Sources */ = {
			isa = PBXSourcesBuildPhase;
			buildActionMask = 2147483647;
			files = (
				B32A31B3222ECEE8007B3CEC /* main.cpp in Sources */,
			);
			runOnlyForDeploymentPostprocessing = 0;
		};
		B32A31B7222ECF15007B3CEC /* Sources */ = {
			isa = PBXSourcesBuildPhase;
			buildActionMask = 2147483647;
			files = (
				B32A31BE222ECF15007B3CEC /* main.cpp in Sources */,
			);
			runOnlyForDeploymentPostprocessing = 0;
		};
		B32A31C2222ECF3C007B3CEC /* Sources */ = {
			isa = PBXSourcesBuildPhase;
			buildActionMask = 2147483647;
			files = (
				B32A31C9222ECF3C007B3CEC /* main.cpp in Sources */,
			);
			runOnlyForDeploymentPostprocessing = 0;
		};
		B32A31CD222ECF53007B3CEC /* Sources */ = {
			isa = PBXSourcesBuildPhase;
			buildActionMask = 2147483647;
			files = (
				B32A31D4222ECF53007B3CEC /* main.cpp in Sources */,
			);
			runOnlyForDeploymentPostprocessing = 0;
		};
		B32A31D8222ECF67007B3CEC /* Sources */ = {
			isa = PBXSourcesBuildPhase;
			buildActionMask = 2147483647;
			files = (
				B32A31DF222ECF67007B3CEC /* main.cpp in Sources */,
			);
			runOnlyForDeploymentPostprocessing = 0;
		};
		B32A31E3222ECF8C007B3CEC /* Sources */ = {
			isa = PBXSourcesBuildPhase;
			buildActionMask = 2147483647;
			files = (
				B32A31EA222ECF8C007B3CEC /* main.cpp in Sources */,
			);
			runOnlyForDeploymentPostprocessing = 0;
		};
		B32A31EE222ECFA4007B3CEC /* Sources */ = {
			isa = PBXSourcesBuildPhase;
			buildActionMask = 2147483647;
			files = (
				B32A31F5222ECFA4007B3CEC /* main.cpp in Sources */,
			);
			runOnlyForDeploymentPostprocessing = 0;
		};
/* End PBXSourcesBuildPhase section */

/* Begin XCBuildConfiguration section */
		B32A3191222ECE0A007B3CEC /* Debug */ = {
			isa = XCBuildConfiguration;
			buildSettings = {
				ALWAYS_SEARCH_USER_PATHS = NO;
				CLANG_ANALYZER_NONNULL = YES;
				CLANG_ANALYZER_NUMBER_OBJECT_CONVERSION = YES_AGGRESSIVE;
				CLANG_CXX_LANGUAGE_STANDARD = "gnu++14";
				CLANG_CXX_LIBRARY = "libc++";
				CLANG_ENABLE_MODULES = YES;
				CLANG_ENABLE_OBJC_ARC = YES;
				CLANG_ENABLE_OBJC_WEAK = YES;
				CLANG_WARN_BLOCK_CAPTURE_AUTORELEASING = YES;
				CLANG_WARN_BOOL_CONVERSION = YES;
				CLANG_WARN_COMMA = YES;
				CLANG_WARN_CONSTANT_CONVERSION = YES;
				CLANG_WARN_DEPRECATED_OBJC_IMPLEMENTATIONS = YES;
				CLANG_WARN_DIRECT_OBJC_ISA_USAGE = YES_ERROR;
				CLANG_WARN_DOCUMENTATION_COMMENTS = YES;
				CLANG_WARN_EMPTY_BODY = YES;
				CLANG_WARN_ENUM_CONVERSION = YES;
				CLANG_WARN_INFINITE_RECURSION = YES;
				CLANG_WARN_INT_CONVERSION = YES;
				CLANG_WARN_NON_LITERAL_NULL_CONVERSION = YES;
				CLANG_WARN_OBJC_IMPLICIT_RETAIN_SELF = YES;
				CLANG_WARN_OBJC_LITERAL_CONVERSION = YES;
				CLANG_WARN_OBJC_ROOT_CLASS = YES_ERROR;
				CLANG_WARN_RANGE_LOOP_ANALYSIS = YES;
				CLANG_WARN_STRICT_PROTOTYPES = YES;
				CLANG_WARN_SUSPICIOUS_MOVE = YES;
				CLANG_WARN_UNGUARDED_AVAILABILITY = YES_AGGRESSIVE;
				CLANG_WARN_UNREACHABLE_CODE = YES;
				CLANG_WARN__DUPLICATE_METHOD_MATCH = YES;
				CODE_SIGN_IDENTITY = "-";
				COPY_PHASE_STRIP = NO;
				DEBUG_INFORMATION_FORMAT = dwarf;
				ENABLE_STRICT_OBJC_MSGSEND = YES;
				ENABLE_TESTABILITY = YES;
				GCC_C_LANGUAGE_STANDARD = gnu11;
				GCC_DYNAMIC_NO_PIC = NO;
				GCC_NO_COMMON_BLOCKS = YES;
				GCC_OPTIMIZATION_LEVEL = 0;
				GCC_PREPROCESSOR_DEFINITIONS = (
					"DEBUG=1",
					"$(inherited)",
				);
				GCC_WARN_64_TO_32_BIT_CONVERSION = YES;
				GCC_WARN_ABOUT_RETURN_TYPE = YES_ERROR;
				GCC_WARN_UNDECLARED_SELECTOR = YES;
				GCC_WARN_UNINITIALIZED_AUTOS = YES_AGGRESSIVE;
				GCC_WARN_UNUSED_FUNCTION = YES;
				GCC_WARN_UNUSED_VARIABLE = YES;
				MACOSX_DEPLOYMENT_TARGET = 10.14;
				MTL_ENABLE_DEBUG_INFO = INCLUDE_SOURCE;
				MTL_FAST_MATH = YES;
				ONLY_ACTIVE_ARCH = YES;
				SDKROOT = macosx;
			};
			name = Debug;
		};
		B32A3192222ECE0A007B3CEC /* Release */ = {
			isa = XCBuildConfiguration;
			buildSettings = {
				ALWAYS_SEARCH_USER_PATHS = NO;
				CLANG_ANALYZER_NONNULL = YES;
				CLANG_ANALYZER_NUMBER_OBJECT_CONVERSION = YES_AGGRESSIVE;
				CLANG_CXX_LANGUAGE_STANDARD = "gnu++14";
				CLANG_CXX_LIBRARY = "libc++";
				CLANG_ENABLE_MODULES = YES;
				CLANG_ENABLE_OBJC_ARC = YES;
				CLANG_ENABLE_OBJC_WEAK = YES;
				CLANG_WARN_BLOCK_CAPTURE_AUTORELEASING = YES;
				CLANG_WARN_BOOL_CONVERSION = YES;
				CLANG_WARN_COMMA = YES;
				CLANG_WARN_CONSTANT_CONVERSION = YES;
				CLANG_WARN_DEPRECATED_OBJC_IMPLEMENTATIONS = YES;
				CLANG_WARN_DIRECT_OBJC_ISA_USAGE = YES_ERROR;
				CLANG_WARN_DOCUMENTATION_COMMENTS = YES;
				CLANG_WARN_EMPTY_BODY = YES;
				CLANG_WARN_ENUM_CONVERSION = YES;
				CLANG_WARN_INFINITE_RECURSION = YES;
				CLANG_WARN_INT_CONVERSION = YES;
				CLANG_WARN_NON_LITERAL_NULL_CONVERSION = YES;
				CLANG_WARN_OBJC_IMPLICIT_RETAIN_SELF = YES;
				CLANG_WARN_OBJC_LITERAL_CONVERSION = YES;
				CLANG_WARN_OBJC_ROOT_CLASS = YES_ERROR;
				CLANG_WARN_RANGE_LOOP_ANALYSIS = YES;
				CLANG_WARN_STRICT_PROTOTYPES = YES;
				CLANG_WARN_SUSPICIOUS_MOVE = YES;
				CLANG_WARN_UNGUARDED_AVAILABILITY = YES_AGGRESSIVE;
				CLANG_WARN_UNREACHABLE_CODE = YES;
				CLANG_WARN__DUPLICATE_METHOD_MATCH = YES;
				CODE_SIGN_IDENTITY = "-";
				COPY_PHASE_STRIP = NO;
				DEBUG_INFORMATION_FORMAT = "dwarf-with-dsym";
				ENABLE_NS_ASSERTIONS = NO;
				ENABLE_STRICT_OBJC_MSGSEND = YES;
				GCC_C_LANGUAGE_STANDARD = gnu11;
				GCC_NO_COMMON_BLOCKS = YES;
				GCC_WARN_64_TO_32_BIT_CONVERSION = YES;
				GCC_WARN_ABOUT_RETURN_TYPE = YES_ERROR;
				GCC_WARN_UNDECLARED_SELECTOR = YES;
				GCC_WARN_UNINITIALIZED_AUTOS = YES_AGGRESSIVE;
				GCC_WARN_UNUSED_FUNCTION = YES;
				GCC_WARN_UNUSED_VARIABLE = YES;
				MACOSX_DEPLOYMENT_TARGET = 10.14;
				MTL_ENABLE_DEBUG_INFO = NO;
				MTL_FAST_MATH = YES;
				SDKROOT = macosx;
			};
			name = Release;
		};
		B32A3194222ECE0A007B3CEC /* Debug */ = {
			isa = XCBuildConfiguration;
			buildSettings = {
				CODE_SIGN_STYLE = Automatic;
				PRODUCT_NAME = "$(TARGET_NAME)";
			};
			name = Debug;
		};
		B32A3195222ECE0A007B3CEC /* Release */ = {
			isa = XCBuildConfiguration;
			buildSettings = {
				CODE_SIGN_STYLE = Automatic;
				PRODUCT_NAME = "$(TARGET_NAME)";
			};
			name = Release;
		};
		B32A319F222ECE51007B3CEC /* Debug */ = {
			isa = XCBuildConfiguration;
			buildSettings = {
				CODE_SIGN_STYLE = Automatic;
				PRODUCT_NAME = "$(TARGET_NAME)";
			};
			name = Debug;
		};
		B32A31A0222ECE51007B3CEC /* Release */ = {
			isa = XCBuildConfiguration;
			buildSettings = {
				CODE_SIGN_STYLE = Automatic;
				PRODUCT_NAME = "$(TARGET_NAME)";
			};
			name = Release;
		};
		B32A31AA222ECE9E007B3CEC /* Debug */ = {
			isa = XCBuildConfiguration;
			buildSettings = {
				CODE_SIGN_STYLE = Automatic;
				PRODUCT_NAME = "$(TARGET_NAME)";
			};
			name = Debug;
		};
		B32A31AB222ECE9E007B3CEC /* Release */ = {
			isa = XCBuildConfiguration;
			buildSettings = {
				CODE_SIGN_STYLE = Automatic;
				PRODUCT_NAME = "$(TARGET_NAME)";
			};
			name = Release;
		};
		B32A31B5222ECEE8007B3CEC /* Debug */ = {
			isa = XCBuildConfiguration;
			buildSettings = {
				CODE_SIGN_STYLE = Automatic;
				PRODUCT_NAME = "$(TARGET_NAME)";
			};
			name = Debug;
		};
		B32A31B6222ECEE8007B3CEC /* Release */ = {
			isa = XCBuildConfiguration;
			buildSettings = {
				CODE_SIGN_STYLE = Automatic;
				PRODUCT_NAME = "$(TARGET_NAME)";
			};
			name = Release;
		};
		B32A31C0222ECF15007B3CEC /* Debug */ = {
			isa = XCBuildConfiguration;
			buildSettings = {
				CODE_SIGN_STYLE = Automatic;
				PRODUCT_NAME = "$(TARGET_NAME)";
			};
			name = Debug;
		};
		B32A31C1222ECF15007B3CEC /* Release */ = {
			isa = XCBuildConfiguration;
			buildSettings = {
				CODE_SIGN_STYLE = Automatic;
				PRODUCT_NAME = "$(TARGET_NAME)";
			};
			name = Release;
		};
		B32A31CB222ECF3C007B3CEC /* Debug */ = {
			isa = XCBuildConfiguration;
			buildSettings = {
				CODE_SIGN_STYLE = Automatic;
				PRODUCT_NAME = "$(TARGET_NAME)";
			};
			name = Debug;
		};
		B32A31CC222ECF3C007B3CEC /* Release */ = {
			isa = XCBuildConfiguration;
			buildSettings = {
				CODE_SIGN_STYLE = Automatic;
				PRODUCT_NAME = "$(TARGET_NAME)";
			};
			name = Release;
		};
		B32A31D6222ECF53007B3CEC /* Debug */ = {
			isa = XCBuildConfiguration;
			buildSettings = {
				CODE_SIGN_STYLE = Automatic;
				PRODUCT_NAME = "$(TARGET_NAME)";
			};
			name = Debug;
		};
		B32A31D7222ECF53007B3CEC /* Release */ = {
			isa = XCBuildConfiguration;
			buildSettings = {
				CODE_SIGN_STYLE = Automatic;
				PRODUCT_NAME = "$(TARGET_NAME)";
			};
			name = Release;
		};
		B32A31E1222ECF67007B3CEC /* Debug */ = {
			isa = XCBuildConfiguration;
			buildSettings = {
				CODE_SIGN_STYLE = Automatic;
				PRODUCT_NAME = "$(TARGET_NAME)";
			};
			name = Debug;
		};
		B32A31E2222ECF67007B3CEC /* Release */ = {
			isa = XCBuildConfiguration;
			buildSettings = {
				CODE_SIGN_STYLE = Automatic;
				PRODUCT_NAME = "$(TARGET_NAME)";
			};
			name = Release;
		};
		B32A31EC222ECF8C007B3CEC /* Debug */ = {
			isa = XCBuildConfiguration;
			buildSettings = {
				CODE_SIGN_STYLE = Automatic;
				PRODUCT_NAME = "$(TARGET_NAME)";
			};
			name = Debug;
		};
		B32A31ED222ECF8C007B3CEC /* Release */ = {
			isa = XCBuildConfiguration;
			buildSettings = {
				CODE_SIGN_STYLE = Automatic;
				PRODUCT_NAME = "$(TARGET_NAME)";
			};
			name = Release;
		};
		B32A31F7222ECFA4007B3CEC /* Debug */ = {
			isa = XCBuildConfiguration;
			buildSettings = {
				CODE_SIGN_STYLE = Automatic;
				PRODUCT_NAME = "$(TARGET_NAME)";
			};
			name = Debug;
		};
		B32A31F8222ECFA4007B3CEC /* Release */ = {
			isa = XCBuildConfiguration;
			buildSettings = {
				CODE_SIGN_STYLE = Automatic;
				PRODUCT_NAME = "$(TARGET_NAME)";
			};
			name = Release;
		};
/* End XCBuildConfiguration section */

/* Begin XCConfigurationList section */
		B32A3187222ECE0A007B3CEC /* Build configuration list for PBXProject "data_structure" */ = {
			isa = XCConfigurationList;
			buildConfigurations = (
				B32A3191222ECE0A007B3CEC /* Debug */,
				B32A3192222ECE0A007B3CEC /* Release */,
			);
			defaultConfigurationIsVisible = 0;
			defaultConfigurationName = Release;
		};
		B32A3193222ECE0A007B3CEC /* Build configuration list for PBXNativeTarget "data_structure" */ = {
			isa = XCConfigurationList;
			buildConfigurations = (
				B32A3194222ECE0A007B3CEC /* Debug */,
				B32A3195222ECE0A007B3CEC /* Release */,
			);
			defaultConfigurationIsVisible = 0;
			defaultConfigurationName = Release;
		};
		B32A319E222ECE51007B3CEC /* Build configuration list for PBXNativeTarget "queue" */ = {
			isa = XCConfigurationList;
			buildConfigurations = (
				B32A319F222ECE51007B3CEC /* Debug */,
				B32A31A0222ECE51007B3CEC /* Release */,
			);
			defaultConfigurationIsVisible = 0;
			defaultConfigurationName = Release;
		};
		B32A31A9222ECE9E007B3CEC /* Build configuration list for PBXNativeTarget "stack" */ = {
			isa = XCConfigurationList;
			buildConfigurations = (
				B32A31AA222ECE9E007B3CEC /* Debug */,
				B32A31AB222ECE9E007B3CEC /* Release */,
			);
			defaultConfigurationIsVisible = 0;
			defaultConfigurationName = Release;
		};
		B32A31B4222ECEE8007B3CEC /* Build configuration list for PBXNativeTarget "linearlist" */ = {
			isa = XCConfigurationList;
			buildConfigurations = (
				B32A31B5222ECEE8007B3CEC /* Debug */,
				B32A31B6222ECEE8007B3CEC /* Release */,
			);
			defaultConfigurationIsVisible = 0;
			defaultConfigurationName = Release;
		};
		B32A31BF222ECF15007B3CEC /* Build configuration list for PBXNativeTarget "generallist" */ = {
			isa = XCConfigurationList;
			buildConfigurations = (
				B32A31C0222ECF15007B3CEC /* Debug */,
				B32A31C1222ECF15007B3CEC /* Release */,
			);
			defaultConfigurationIsVisible = 0;
			defaultConfigurationName = Release;
		};
		B32A31CA222ECF3C007B3CEC /* Build configuration list for PBXNativeTarget "tree" */ = {
			isa = XCConfigurationList;
			buildConfigurations = (
				B32A31CB222ECF3C007B3CEC /* Debug */,
				B32A31CC222ECF3C007B3CEC /* Release */,
			);
			defaultConfigurationIsVisible = 0;
			defaultConfigurationName = Release;
		};
		B32A31D5222ECF53007B3CEC /* Build configuration list for PBXNativeTarget "binarytree" */ = {
			isa = XCConfigurationList;
			buildConfigurations = (
				B32A31D6222ECF53007B3CEC /* Debug */,
				B32A31D7222ECF53007B3CEC /* Release */,
			);
			defaultConfigurationIsVisible = 0;
			defaultConfigurationName = Release;
		};
		B32A31E0222ECF67007B3CEC /* Build configuration list for PBXNativeTarget "graph" */ = {
			isa = XCConfigurationList;
			buildConfigurations = (
				B32A31E1222ECF67007B3CEC /* Debug */,
				B32A31E2222ECF67007B3CEC /* Release */,
			);
			defaultConfigurationIsVisible = 0;
			defaultConfigurationName = Release;
		};
		B32A31EB222ECF8C007B3CEC /* Build configuration list for PBXNativeTarget "seek" */ = {
			isa = XCConfigurationList;
			buildConfigurations = (
				B32A31EC222ECF8C007B3CEC /* Debug */,
				B32A31ED222ECF8C007B3CEC /* Release */,
			);
			defaultConfigurationIsVisible = 0;
			defaultConfigurationName = Release;
		};
		B32A31F6222ECFA4007B3CEC /* Build configuration list for PBXNativeTarget "sort" */ = {
			isa = XCConfigurationList;
			buildConfigurations = (
				B32A31F7222ECFA4007B3CEC /* Debug */,
				B32A31F8222ECFA4007B3CEC /* Release */,
			);
			defaultConfigurationIsVisible = 0;
			defaultConfigurationName = Release;
		};
/* End XCConfigurationList section */
	};
	rootObject = B32A3184222ECE0A007B3CEC /* Project object */;
}
